
Microsoft Visual Studio Solution File, Format Version 12.00
# Visual Studio Version 17
VisualStudioVersion = 17.3.32901.215
MinimumVisualStudioVersion = 10.0.40219.1
Project("{FAE04EC0-301F-11D3-BF4B-00C04F79EFBC}") = "Dictionary EL - EN", "Dictionary EL - EN\Dictionary EL - EN.csproj", "{A5AFCFA7-0328-45A9-AB5A-DFAA2380CECC}"
EndProject
Global
	GlobalSection(SolutionConfigurationPlatforms) = preSolution
		Debug|Any CPU = Debug|Any CPU
		Release|Any CPU = Release|Any CPU
	EndGlobalSection
	GlobalSection(ProjectConfigurationPlatforms) = postSolution
		{A5AFCFA7-0328-45A9-AB5A-DFAA2380CECC}.Debug|Any CPU.ActiveCfg = Debug|Any CPU
		{A5AFCFA7-0328-45A9-AB5A-DFAA2380CECC}.Debug|Any CPU.Build.0 = Debug|Any CPU
		{A5AFCFA7-0328-45A9-AB5A-DFAA2380CECC}.Release|Any CPU.ActiveCfg = Release|Any CPU
		{A5AFCFA7-0328-45A9-AB5A-DFAA2380CECC}.Release|Any CPU.Build.0 = Release|Any CPU
	EndGlobalSection
	GlobalSection(SolutionProperties) = preSolution
		HideSolutionNode = FALSE
	EndGlobalSection
	GlobalSection(ExtensibilityGlobals) = postSolution
		SolutionGuid = {062A2159-0F9F-4D26-94F8-FAE1A7723A44}
	EndGlobalSection
EndGlobal
